
Microsoft Visual Studio Solution File, Format Version 12.00
# Visual Studio Version 17
VisualStudioVersion = 17.9.34607.119
MinimumVisualStudioVersion = 10.0.40219.1
Project("{8BC9CEB8-8B4A-11D0-8D11-00A0C91BC942}") = "2slab1.3", "2slab1.3\2slab1.3.vcxproj", "{0D49E76F-49F9-467D-8436-73FB25530FFA}"
EndProject
Project("{8BC9CEB8-8B4A-11D0-8D11-00A0C91BC942}") = "UnitTest1", "UnitTest1\UnitTest1.vcxproj", "{9156DD22-7EE4-45DA-AB08-0B23651A6188}"
EndProject
Global
	GlobalSection(SolutionConfigurationPlatforms) = preSolution
		Debug|x64 = Debug|x64
		Debug|x86 = Debug|x86
		Release|x64 = Release|x64
		Release|x86 = Release|x86
	EndGlobalSection
	GlobalSection(ProjectConfigurationPlatforms) = postSolution
		{0D49E76F-49F9-467D-8436-73FB25530FFA}.Debug|x64.ActiveCfg = Debug|x64
		{0D49E76F-49F9-467D-8436-73FB25530FFA}.Debug|x64.Build.0 = Debug|x64
		{0D49E76F-49F9-467D-8436-73FB25530FFA}.Debug|x86.ActiveCfg = Debug|Win32
		{0D49E76F-49F9-467D-8436-73FB25530FFA}.Debug|x86.Build.0 = Debug|Win32
		{0D49E76F-49F9-467D-8436-73FB25530FFA}.Release|x64.ActiveCfg = Release|x64
		{0D49E76F-49F9-467D-8436-73FB25530FFA}.Release|x64.Build.0 = Release|x64
		{0D49E76F-49F9-467D-8436-73FB25530FFA}.Release|x86.ActiveCfg = Release|Win32
		{0D49E76F-49F9-467D-8436-73FB25530FFA}.Release|x86.Build.0 = Release|Win32
		{9156DD22-7EE4-45DA-AB08-0B23651A6188}.Debug|x64.ActiveCfg = Debug|x64
		{9156DD22-7EE4-45DA-AB08-0B23651A6188}.Debug|x64.Build.0 = Debug|x64
		{9156DD22-7EE4-45DA-AB08-0B23651A6188}.Debug|x86.ActiveCfg = Debug|Win32
		{9156DD22-7EE4-45DA-AB08-0B23651A6188}.Debug|x86.Build.0 = Debug|Win32
		{9156DD22-7EE4-45DA-AB08-0B23651A6188}.Release|x64.ActiveCfg = Release|x64
		{9156DD22-7EE4-45DA-AB08-0B23651A6188}.Release|x64.Build.0 = Release|x64
		{9156DD22-7EE4-45DA-AB08-0B23651A6188}.Release|x86.ActiveCfg = Release|Win32
		{9156DD22-7EE4-45DA-AB08-0B23651A6188}.Release|x86.Build.0 = Release|Win32
	EndGlobalSection
	GlobalSection(SolutionProperties) = preSolution
		HideSolutionNode = FALSE
	EndGlobalSection
	GlobalSection(ExtensibilityGlobals) = postSolution
		SolutionGuid = {B1519D0B-B2AA-4CFF-9952-487354FD7ED3}
	EndGlobalSection
EndGlobal
